
Microsoft Visual Studio Solution File, Format Version 12.00
# Visual Studio Version 16
VisualStudioVersion = 16.0.29911.84
MinimumVisualStudioVersion = 10.0.40219.1
Project("{9A19103F-16F7-4668-BE54-9A1E7A4F7556}") = "NetCoreWebAPI", "NetCoreWebAPI\NetCoreWebAPI.csproj", "{547C5BC6-5F95-4E13-85E7-2DB6649E2756}"
EndProject
Project("{FAE04EC0-301F-11D3-BF4B-00C04F79EFBC}") = "NetWebApp", "NetWebApp\NetWebApp.csproj", "{7C37FDFA-D374-4F10-B30F-F24500BC15F7}"
EndProject
Project("{FAE04EC0-301F-11D3-BF4B-00C04F79EFBC}") = "Asmx", "Asmx\Asmx.csproj", "{96001264-13ED-4F15-A79A-3106DE0DFB10}"
EndProject
Global
	GlobalSection(SolutionConfigurationPlatforms) = preSolution
		Debug|Any CPU = Debug|Any CPU
		Release|Any CPU = Release|Any CPU
	EndGlobalSection
	GlobalSection(ProjectConfigurationPlatforms) = postSolution
		{547C5BC6-5F95-4E13-85E7-2DB6649E2756}.Debug|Any CPU.ActiveCfg = Debug|Any CPU
		{547C5BC6-5F95-4E13-85E7-2DB6649E2756}.Debug|Any CPU.Build.0 = Debug|Any CPU
		{547C5BC6-5F95-4E13-85E7-2DB6649E2756}.Release|Any CPU.ActiveCfg = Release|Any CPU
		{547C5BC6-5F95-4E13-85E7-2DB6649E2756}.Release|Any CPU.Build.0 = Release|Any CPU
		{7C37FDFA-D374-4F10-B30F-F24500BC15F7}.Debug|Any CPU.ActiveCfg = Debug|Any CPU
		{7C37FDFA-D374-4F10-B30F-F24500BC15F7}.Debug|Any CPU.Build.0 = Debug|Any CPU
		{7C37FDFA-D374-4F10-B30F-F24500BC15F7}.Release|Any CPU.ActiveCfg = Release|Any CPU
		{7C37FDFA-D374-4F10-B30F-F24500BC15F7}.Release|Any CPU.Build.0 = Release|Any CPU
		{96001264-13ED-4F15-A79A-3106DE0DFB10}.Debug|Any CPU.ActiveCfg = Debug|Any CPU
		{96001264-13ED-4F15-A79A-3106DE0DFB10}.Debug|Any CPU.Build.0 = Debug|Any CPU
		{96001264-13ED-4F15-A79A-3106DE0DFB10}.Release|Any CPU.ActiveCfg = Release|Any CPU
		{96001264-13ED-4F15-A79A-3106DE0DFB10}.Release|Any CPU.Build.0 = Release|Any CPU
	EndGlobalSection
	GlobalSection(SolutionProperties) = preSolution
		HideSolutionNode = FALSE
	EndGlobalSection
	GlobalSection(ExtensibilityGlobals) = postSolution
		SolutionGuid = {9C461033-AD40-4244-8082-BABC90FD37A5}
	EndGlobalSection
EndGlobal
